
Microsoft Visual Studio Solution File, Format Version 12.00
# Visual Studio Version 16
VisualStudioVersion = 16.0.29324.140
MinimumVisualStudioVersion = 10.0.40219.1
Project("{9A19103F-16F7-4668-BE54-9A1E7A4F7556}") = "Sundew.TextView.ApplicationFramework", "Sundew.TextView.ApplicationFramework\Sundew.TextView.ApplicationFramework.csproj", "{CBA69EFA-B22B-4423-AF70-F0FC9B8AF653}"
EndProject
Project("{9A19103F-16F7-4668-BE54-9A1E7A4F7556}") = "Sundew.TextView.ApplicationFramework.SampleApplication", "Sundew.TextView.ApplicationFramework.SampleApplication\Sundew.TextView.ApplicationFramework.SampleApplication.csproj", "{A9ACA932-B029-4AB6-9259-A118504A8FA5}"
EndProject
Project("{9A19103F-16F7-4668-BE54-9A1E7A4F7556}") = "Sundew.TextView.ApplicationFramework.Tests", "Sundew.TextView.ApplicationFramework.Tests\Sundew.TextView.ApplicationFramework.Tests.csproj", "{804A009E-E69F-4937-8F35-FD12D5F35DC3}"
EndProject
Project("{9A19103F-16F7-4668-BE54-9A1E7A4F7556}") = "Sundew.TextView.Pi.Drivers", "Sundew.TextView.Pi.Drivers\Sundew.TextView.Pi.Drivers.csproj", "{46A8EB5E-18B1-4E6C-A668-8AF39EC91126}"
EndProject
Project("{9A19103F-16F7-4668-BE54-9A1E7A4F7556}") = "Sundew.TextView.Iot.Devices.Drivers", "Sundew.TextView.Iot.Devices.Drivers\Sundew.TextView.Iot.Devices.Drivers.csproj", "{AEFADDC6-22EB-4871-9B10-4D0C1CF74B5C}"
EndProject
Project("{2150E333-8FDC-42A3-9474-1A3956D46DE8}") = "Solution Items", "Solution Items", "{833572AF-FF33-40D9-A347-CB1169413320}"
	ProjectSection(SolutionItems) = preProject
		Directory.Build.props = Directory.Build.props
	EndProjectSection
EndProject
Global
	GlobalSection(SolutionConfigurationPlatforms) = preSolution
		Debug|Any CPU = Debug|Any CPU
		Debug-Publish|Any CPU = Debug-Publish|Any CPU
		Release|Any CPU = Release|Any CPU
		Release-Publish|Any CPU = Release-Publish|Any CPU
		Release-Stable|Any CPU = Release-Stable|Any CPU
	EndGlobalSection
	GlobalSection(ProjectConfigurationPlatforms) = postSolution
		{CBA69EFA-B22B-4423-AF70-F0FC9B8AF653}.Debug|Any CPU.ActiveCfg = Debug|Any CPU
		{CBA69EFA-B22B-4423-AF70-F0FC9B8AF653}.Debug|Any CPU.Build.0 = Debug|Any CPU
		{CBA69EFA-B22B-4423-AF70-F0FC9B8AF653}.Debug-Publish|Any CPU.ActiveCfg = Debug|Any CPU
		{CBA69EFA-B22B-4423-AF70-F0FC9B8AF653}.Debug-Publish|Any CPU.Build.0 = Debug|Any CPU
		{CBA69EFA-B22B-4423-AF70-F0FC9B8AF653}.Release|Any CPU.ActiveCfg = Release|Any CPU
		{CBA69EFA-B22B-4423-AF70-F0FC9B8AF653}.Release|Any CPU.Build.0 = Release|Any CPU
		{CBA69EFA-B22B-4423-AF70-F0FC9B8AF653}.Release-Publish|Any CPU.ActiveCfg = Release-Stable|Any CPU
		{CBA69EFA-B22B-4423-AF70-F0FC9B8AF653}.Release-Publish|Any CPU.Build.0 = Release-Stable|Any CPU
		{CBA69EFA-B22B-4423-AF70-F0FC9B8AF653}.Release-Stable|Any CPU.ActiveCfg = Release-Stable|Any CPU
		{CBA69EFA-B22B-4423-AF70-F0FC9B8AF653}.Release-Stable|Any CPU.Build.0 = Release-Stable|Any CPU
		{A9ACA932-B029-4AB6-9259-A118504A8FA5}.Debug|Any CPU.ActiveCfg = Debug|Any CPU
		{A9ACA932-B029-4AB6-9259-A118504A8FA5}.Debug|Any CPU.Build.0 = Debug|Any CPU
		{A9ACA932-B029-4AB6-9259-A118504A8FA5}.Debug-Publish|Any CPU.ActiveCfg = Debug|Any CPU
		{A9ACA932-B029-4AB6-9259-A118504A8FA5}.Debug-Publish|Any CPU.Build.0 = Debug|Any CPU
		{A9ACA932-B029-4AB6-9259-A118504A8FA5}.Release|Any CPU.ActiveCfg = Release|Any CPU
		{A9ACA932-B029-4AB6-9259-A118504A8FA5}.Release|Any CPU.Build.0 = Release|Any CPU
		{A9ACA932-B029-4AB6-9259-A118504A8FA5}.Release-Publish|Any CPU.ActiveCfg = Release-Stable|Any CPU
		{A9ACA932-B029-4AB6-9259-A118504A8FA5}.Release-Publish|Any CPU.Build.0 = Release-Stable|Any CPU
		{A9ACA932-B029-4AB6-9259-A118504A8FA5}.Release-Stable|Any CPU.ActiveCfg = Release-Stable|Any CPU
		{A9ACA932-B029-4AB6-9259-A118504A8FA5}.Release-Stable|Any CPU.Build.0 = Release-Stable|Any CPU
		{804A009E-E69F-4937-8F35-FD12D5F35DC3}.Debug|Any CPU.ActiveCfg = Debug|Any CPU
		{804A009E-E69F-4937-8F35-FD12D5F35DC3}.Debug|Any CPU.Build.0 = Debug|Any CPU
		{804A009E-E69F-4937-8F35-FD12D5F35DC3}.Debug-Publish|Any CPU.ActiveCfg = Debug|Any CPU
		{804A009E-E69F-4937-8F35-FD12D5F35DC3}.Debug-Publish|Any CPU.Build.0 = Debug|Any CPU
		{804A009E-E69F-4937-8F35-FD12D5F35DC3}.Release|Any CPU.ActiveCfg = Release|Any CPU
		{804A009E-E69F-4937-8F35-FD12D5F35DC3}.Release|Any CPU.Build.0 = Release|Any CPU
		{804A009E-E69F-4937-8F35-FD12D5F35DC3}.Release-Publish|Any CPU.ActiveCfg = Release-Stable|Any CPU
		{804A009E-E69F-4937-8F35-FD12D5F35DC3}.Release-Publish|Any CPU.Build.0 = Release-Stable|Any CPU
		{804A009E-E69F-4937-8F35-FD12D5F35DC3}.Release-Stable|Any CPU.ActiveCfg = Release-Stable|Any CPU
		{804A009E-E69F-4937-8F35-FD12D5F35DC3}.Release-Stable|Any CPU.Build.0 = Release-Stable|Any CPU
		{46A8EB5E-18B1-4E6C-A668-8AF39EC91126}.Debug|Any CPU.ActiveCfg = Debug|Any CPU
		{46A8EB5E-18B1-4E6C-A668-8AF39EC91126}.Debug|Any CPU.Build.0 = Debug|Any CPU
		{46A8EB5E-18B1-4E6C-A668-8AF39EC91126}.Debug-Publish|Any CPU.ActiveCfg = Debug|Any CPU
		{46A8EB5E-18B1-4E6C-A668-8AF39EC91126}.Debug-Publish|Any CPU.Build.0 = Debug|Any CPU
		{46A8EB5E-18B1-4E6C-A668-8AF39EC91126}.Release|Any CPU.ActiveCfg = Release|Any CPU
		{46A8EB5E-18B1-4E6C-A668-8AF39EC91126}.Release|Any CPU.Build.0 = Release|Any CPU
		{46A8EB5E-18B1-4E6C-A668-8AF39EC91126}.Release-Publish|Any CPU.ActiveCfg = Release-Stable|Any CPU
		{46A8EB5E-18B1-4E6C-A668-8AF39EC91126}.Release-Publish|Any CPU.Build.0 = Release-Stable|Any CPU
		{46A8EB5E-18B1-4E6C-A668-8AF39EC91126}.Release-Stable|Any CPU.ActiveCfg = Release-Stable|Any CPU
		{46A8EB5E-18B1-4E6C-A668-8AF39EC91126}.Release-Stable|Any CPU.Build.0 = Release-Stable|Any CPU
		{AEFADDC6-22EB-4871-9B10-4D0C1CF74B5C}.Debug|Any CPU.ActiveCfg = Debug|Any CPU
		{AEFADDC6-22EB-4871-9B10-4D0C1CF74B5C}.Debug|Any CPU.Build.0 = Debug|Any CPU
		{AEFADDC6-22EB-4871-9B10-4D0C1CF74B5C}.Debug-Publish|Any CPU.ActiveCfg = Debug|Any CPU
		{AEFADDC6-22EB-4871-9B10-4D0C1CF74B5C}.Debug-Publish|Any CPU.Build.0 = Debug|Any CPU
		{AEFADDC6-22EB-4871-9B10-4D0C1CF74B5C}.Release|Any CPU.ActiveCfg = Release|Any CPU
		{AEFADDC6-22EB-4871-9B10-4D0C1CF74B5C}.Release|Any CPU.Build.0 = Release|Any CPU
		{AEFADDC6-22EB-4871-9B10-4D0C1CF74B5C}.Release-Publish|Any CPU.ActiveCfg = Release-Stable|Any CPU
		{AEFADDC6-22EB-4871-9B10-4D0C1CF74B5C}.Release-Publish|Any CPU.Build.0 = Release-Stable|Any CPU
		{AEFADDC6-22EB-4871-9B10-4D0C1CF74B5C}.Release-Stable|Any CPU.ActiveCfg = Release-Stable|Any CPU
		{AEFADDC6-22EB-4871-9B10-4D0C1CF74B5C}.Release-Stable|Any CPU.Build.0 = Release-Stable|Any CPU
	EndGlobalSection
	GlobalSection(SolutionProperties) = preSolution
		HideSolutionNode = FALSE
	EndGlobalSection
	GlobalSection(ExtensibilityGlobals) = postSolution
		SolutionGuid = {27E7B88D-E9AE-47B0-8FD0-793712963D42}
	EndGlobalSection
EndGlobal
